%{
  "decimal": {:hex, :decimal, "1.6.0", "bfd84d90ff966e1f5d4370bdd3943432d8f65f07d3bab48001aebd7030590dcc", [], [], "hexpm"},
  "earmark": {:hex, :earmark, "1.3.1", "73812f447f7a42358d3ba79283cfa3075a7580a3a2ed457616d6517ac3738cb9", [], [], "hexpm"},
  "progress_bar": {:hex, :progress_bar, "2.0.0", "447285f533b4b8717881fdb7160c7360c2f2ab57276f8904ce6d40482857e573", [], [{:decimal, "~> 1.0", [hex: :decimal, repo: "hexpm", optional: false]}], "hexpm"},
}
